{
  "name": "PopTacToe",
  "lockfileVersion": 3,
  "requires": true,
  "packages": {
    "": {
      "dependencies": {
        "poptactoe-fairy-stockfish-nnue.wasm": "^1.2.1"
      }
    },
    "node_modules/poptactoe-fairy-stockfish-nnue.wasm": {
      "version": "1.2.1",
      "resolved": "https://registry.npmjs.org/poptactoe-fairy-stockfish-nnue.wasm/-/poptactoe-fairy-stockfish-nnue.wasm-1.2.1.tgz",
      "integrity": "sha512-2FY/hKgrTt7JjIUWLorugSPs/Nt/SCtp8OrWwiOSjRdlL1Sm6ieQL2I8PWd29/KGC2rflVc9Nb7l6s9HC5+z9w==",
      "license": "GPL-3.0"
    }
  }
}
